<?xml version="1.0" encoding="utf-8"?>
<Project ToolsVersion="4.0" xmlns="http://schemas.microsoft.com/developer/msbuild/2003">
  <ItemGroup>
    <Filter Include="Fresnel">
      <UniqueIdentifier>{B4ED7C21-20CD-FBBC-29E5-86939543621E}</UniqueIdentifier>
    </Filter>
    <Filter Include="Fresnel\Events">
      <UniqueIdentifier>{18A7CFF9-0475-C3FF-ED08-3426D9759F64}</UniqueIdentifier>
    </Filter>
  </ItemGroup>
  <ItemGroup>
    <ClInclude Include="src\Fresnel.h" />
    <ClInclude Include="src\Fresnel\Application.h">
      <Filter>Fresnel</Filter>
    </ClInclude>
    <ClInclude Include="src\Fresnel\EntryPoint.h">
      <Filter>Fresnel</Filter>
    </ClInclude>
    <ClInclude Include="src\Fresnel\Events\ApplicationEvent.h">
      <Filter>Fresnel\Events</Filter>
    </ClInclude>
    <ClInclude Include="src\Fresnel\Events\Event.h">
      <Filter>Fresnel\Events</Filter>
    </ClInclude>
    <ClInclude Include="src\Fresnel\Events\KeyEvent.h">
      <Filter>Fresnel\Events</Filter>
    </ClInclude>
    <ClInclude Include="src\Fresnel\Kern.h">
      <Filter>Fresnel</Filter>
    </ClInclude>
    <ClInclude Include="src\Fresnel\Log.h">
      <Filter>Fresnel</Filter>
    </ClInclude>
  </ItemGroup>
  <ItemGroup>
    <ClCompile Include="src\Fresnel\Application.cpp">
      <Filter>Fresnel</Filter>
    </ClCompile>
    <ClCompile Include="src\Fresnel\Log.cpp">
      <Filter>Fresnel</Filter>
    </ClCompile>
  </ItemGroup>
</Project>